// !$*UTF8*$!
{
	archiveVersion = 1;
	classes = {
	};
	objectVersion = 77;
	objects = {

/* Begin PBXBuildFile section */
		0005F6455CB1194DA77528C2 /* ThermalMonitor.swift in Sources */ = {isa = PBXBuildFile; fileRef = 38814048A460DD56E42A5706 /* ThermalMonitor.swift */; };
		0BCFD3D8D47603D464DDD78B /* BackgroundCollectionPolicy.swift in Sources */ = {isa = PBXBuildFile; fileRef = B0C209D91B4FE4596C651B49 /* BackgroundCollectionPolicy.swift */; };
		0D2DE814C8DFF7337AD6EFA6 /* PlaceholderTests.swift in Sources */ = {isa = PBXBuildFile; fileRef = 0A95566A8B4700000AFA2805 /* PlaceholderTests.swift */; };
		13F02CBE3FA2D19A992E0016 /* UploadBatchJSONCodec.swift in Sources */ = {isa = PBXBuildFile; fileRef = E32C15B4FE59F8CA5CA37118 /* UploadBatchJSONCodec.swift */; };
		1780B2A4E897E484A5BB3C0D /* DrivingHeuristic.swift in Sources */ = {isa = PBXBuildFile; fileRef = 46E77758971EB7F44643652E /* DrivingHeuristic.swift */; };
		1B16282C261E9CED53A3E371 /* Endpoints.swift in Sources */ = {isa = PBXBuildFile; fileRef = EE870B004546FC93939AF065 /* Endpoints.swift */; };
		1B9B8D56DFC14459AAE0D031 /* MotionMath.swift in Sources */ = {isa = PBXBuildFile; fileRef = 31E39073C99FB20D024E79D0 /* MotionMath.swift */; };
		2E1B6D32ED2B5BB95BBBDC7E /* APIClient.swift in Sources */ = {isa = PBXBuildFile; fileRef = 1FB9B9294F92A70C11D0FB1B /* APIClient.swift */; };
		3A12C703A9C25D212D32EECD /* Sentry in Frameworks */ = {isa = PBXBuildFile; productRef = 94AD22E714178BC9763D1344 /* Sentry */; };
		4030CA59DBFD2BD1002A939A /* Supabase in Frameworks */ = {isa = PBXBuildFile; productRef = 911FE323EAA29C4D280E37AB /* Supabase */; };
		4294ED05A035C9695AEE0A7F /* UploadQueueCore.swift in Sources */ = {isa = PBXBuildFile; fileRef = 3DCF0439CC9DBD46EB595AA4 /* UploadQueueCore.swift */; };
		42AFA19B9DFD89C70573617B /* UploadQueueStore.swift in Sources */ = {isa = PBXBuildFile; fileRef = 43F7CA78BA461644E2643371 /* UploadQueueStore.swift */; };
		4E08F2DAC6BCB52420AA8BB2 /* PotholeDetector.swift in Sources */ = {isa = PBXBuildFile; fileRef = 8C3CC85D4B7789B2AC4C7FC7 /* PotholeDetector.swift */; };
		55AA7CEAC78F98938B1505DB /* UploadEligibilityPolicy.swift in Sources */ = {isa = PBXBuildFile; fileRef = A8170529197B80D0CFDDC48C /* UploadEligibilityPolicy.swift */; };
		58D2BBBAABD2C950BE180973 /* PrivacyZone.swift in Sources */ = {isa = PBXBuildFile; fileRef = B8E86F01DD97C19967FD7491 /* PrivacyZone.swift */; };
		5B011F7824CB4E482FB240B4 /* PermissionManager.swift in Sources */ = {isa = PBXBuildFile; fileRef = 27F9E1A697AF1C0543503C5D /* PermissionManager.swift */; };
		60AA16F79F94361B54431179 /* Uploader.swift in Sources */ = {isa = PBXBuildFile; fileRef = B41B92DA7CA8EB765BCFC11A /* Uploader.swift */; };
		61C6790E5D041EB25808BAF3 /* RoadSenseLogger.swift in Sources */ = {isa = PBXBuildFile; fileRef = 659C7BBB94CC6DB51D4B2730 /* RoadSenseLogger.swift */; };
		63328FB0E97ABDBED76424CF /* UploadResponseParser.swift in Sources */ = {isa = PBXBuildFile; fileRef = D447BEA44ED8E5AA5033B84E /* UploadResponseParser.swift */; };
		63608FF99D0642C8081C5D41 /* DeviceTokenRecord.swift in Sources */ = {isa = PBXBuildFile; fileRef = 998E3B40A89C837692A7B138 /* DeviceTokenRecord.swift */; };
		662745AF919AD72F235FBC77 /* RoadSenseNS.app in Resources */ = {isa = PBXBuildFile; fileRef = 9A192B2CFE9054A42D255FF3 /* RoadSenseNS.app */; settings = {ATTRIBUTES = (RemoveHeadersOnCopy, ); }; };
		6A4D3994F6D6782ACB98445F /* UploadRequestFactory.swift in Sources */ = {isa = PBXBuildFile; fileRef = AC9553FFA21CB22675B92971 /* UploadRequestFactory.swift */; };
		6B42654DBC077FAC55F09FD3 /* AppEnvironment.swift in Sources */ = {isa = PBXBuildFile; fileRef = 68183A6CEB94DFF10348CBBE /* AppEnvironment.swift */; };
		71B953E564C5532CCA058F32 /* UploadAPIModels.swift in Sources */ = {isa = PBXBuildFile; fileRef = 0AFFFE8ED069250BF48A1547 /* UploadAPIModels.swift */; };
		7A292EF7FD5C3BC651718E56 /* RejectedReason.swift in Sources */ = {isa = PBXBuildFile; fileRef = 3FCA5A9B47E2F21547B5B53D /* RejectedReason.swift */; };
		7FA2D5C653995C0F73E6666A /* RoadSenseNSApp.swift in Sources */ = {isa = PBXBuildFile; fileRef = C7D1B33C9EA9A18473F8587E /* RoadSenseNSApp.swift */; };
		8147DC66BED1C5411E9FD89D /* RetentionPolicy.swift in Sources */ = {isa = PBXBuildFile; fileRef = 87BFF6431F5A28086CBAE761 /* RetentionPolicy.swift */; };
		825EF8A058DF7DA06B8A89CE /* SentryBootstrapper.swift in Sources */ = {isa = PBXBuildFile; fileRef = 1A63DB84BA5E66CE3F794D25 /* SentryBootstrapper.swift */; };
		88254277AF3BF19D3FD07EC8 /* QueueModelMapper.swift in Sources */ = {isa = PBXBuildFile; fileRef = 155FF90E2D9FB3FFB3927DB4 /* QueueModelMapper.swift */; };
		8D115A4BF690BF1A26B2A326 /* PlaceholderUITests.swift in Sources */ = {isa = PBXBuildFile; fileRef = 0E043D7C7485C50A7AA9E049 /* PlaceholderUITests.swift */; };
		94F489CC8741A0B2D00ED1DC /* UploadBatch.swift in Sources */ = {isa = PBXBuildFile; fileRef = 3D5005EEB20B02D1100FB8D7 /* UploadBatch.swift */; };
		982F60A97C38F459074E9E34 /* HighPassBiquad.swift in Sources */ = {isa = PBXBuildFile; fileRef = F70A04456020333C21483C47 /* HighPassBiquad.swift */; };
		9C664A3BEE040E0064BA96BA /* AppContainer.swift in Sources */ = {isa = PBXBuildFile; fileRef = CEC86C13C16A0385D36E47FD /* AppContainer.swift */; };
		A1474D058AA8DD8A7886BF8B /* DeviceTokenStore.swift in Sources */ = {isa = PBXBuildFile; fileRef = 851410FEF57FD6E61D6A6F44 /* DeviceTokenStore.swift */; };
		A460A833459B34A6941B6DE9 /* UserStats.swift in Sources */ = {isa = PBXBuildFile; fileRef = EDAC070ACEE2F122C555B0ED /* UserStats.swift */; };
		AFEE1434CB9A30B9D66A33DC /* IngestHealthEvaluator.swift in Sources */ = {isa = PBXBuildFile; fileRef = EE246C89A3251586B6ECE509 /* IngestHealthEvaluator.swift */; };
		B21405C05811503808C54478 /* DrivingDetector.swift in Sources */ = {isa = PBXBuildFile; fileRef = 777A503AFECA80F0A49C3096 /* DrivingDetector.swift */; };
		B2D9E6BCD21611B708C78F26 /* MotionService.swift in Sources */ = {isa = PBXBuildFile; fileRef = E68A275BABCEFCE3E1964F10 /* MotionService.swift */; };
		B2E6DF647ED4515D3A700282 /* ReadingRecord.swift in Sources */ = {isa = PBXBuildFile; fileRef = A96B8343D20095BCEF65D89C /* ReadingRecord.swift */; };
		B84C0C037E20BD97BD457AB5 /* UploadPolicy.swift in Sources */ = {isa = PBXBuildFile; fileRef = 7DCAA398E4BA72123985282C /* UploadPolicy.swift */; };
		C02E931B0EFEC031C895EA80 /* CollectionReadiness.swift in Sources */ = {isa = PBXBuildFile; fileRef = D5B5A1B95BF7D4367ED53F67 /* CollectionReadiness.swift */; };
		C315D9DBEAAC9A03B4F80F70 /* ContentView.swift in Sources */ = {isa = PBXBuildFile; fileRef = 1269DDDE04E2FB4239384BC9 /* ContentView.swift */; };
		C4EC1C16AF8B9858DC3C9C2A /* Placeholder.swift in Sources */ = {isa = PBXBuildFile; fileRef = 6F90BE8F166D450841DA0B85 /* Placeholder.swift */; };
		C859EED8CA59645B04B5D668 /* PrivacyZoneStore.swift in Sources */ = {isa = PBXBuildFile; fileRef = DB54690AD1B0B14F43315BE6 /* PrivacyZoneStore.swift */; };
		CAFAF51DC3E1A3AF7854919C /* ModelContainerProvider.swift in Sources */ = {isa = PBXBuildFile; fileRef = 28F035620621F3107CCB6E6D /* ModelContainerProvider.swift */; };
		CE11AD6DFDAB5C71982687C4 /* UploadStatus.swift in Sources */ = {isa = PBXBuildFile; fileRef = 5A148A1535E38E0F509C75CB /* UploadStatus.swift */; };
		D341480EFFBE39FDAF32552F /* ReadingBuilder.swift in Sources */ = {isa = PBXBuildFile; fileRef = 9139453217F19A1A04A4F0FF /* ReadingBuilder.swift */; };
		D4C185705B6C67577E3128F9 /* PrivacyZonesView.swift in Sources */ = {isa = PBXBuildFile; fileRef = 583510BB6B1BABFA95ACB79D /* PrivacyZonesView.swift */; };
		D936E8CAA7F8D74C012BB1D8 /* LocationService.swift in Sources */ = {isa = PBXBuildFile; fileRef = 43A2FE63800512FAB4319A1A /* LocationService.swift */; };
		D9D68063F1304D636E7E2814 /* BackgroundTaskRegistrar.swift in Sources */ = {isa = PBXBuildFile; fileRef = 4B2199FED8B8DBD6F6FD265B /* BackgroundTaskRegistrar.swift */; };
		DBE9EAA01AE9BA7D8306F7BF /* AppModel.swift in Sources */ = {isa = PBXBuildFile; fileRef = E0646FAEDFDBCFB6D8B4F9B2 /* AppModel.swift */; };
		DC0045BD98623446B06CC83F /* MapboxMaps in Frameworks */ = {isa = PBXBuildFile; productRef = DFBDE19C2B3A05C0840949A5 /* MapboxMaps */; };
		DDCC83C031162D3E518D596B /* QualityFilter.swift in Sources */ = {isa = PBXBuildFile; fileRef = 569CF57A88BC988A02FEFEB7 /* QualityFilter.swift */; };
		E0A858EAF54B726D7480CB88 /* DeviceTokenManager.swift in Sources */ = {isa = PBXBuildFile; fileRef = 53EC0C104BF5658C06ACCBB1 /* DeviceTokenManager.swift */; };
		EB46566139FD4C04A594EA96 /* AppBootstrap.swift in Sources */ = {isa = PBXBuildFile; fileRef = 06554CA351911A995764AA76 /* AppBootstrap.swift */; };
		ED8DD1471CDB22C80D593E55 /* OnboardingFlowView.swift in Sources */ = {isa = PBXBuildFile; fileRef = E83AC0B6AFCA145180534B1D /* OnboardingFlowView.swift */; };
		F95AA84B2BCBC6B15BA91532 /* AppConfig.swift in Sources */ = {isa = PBXBuildFile; fileRef = 33BE8F93CE35FA6438817474 /* AppConfig.swift */; };
		FCBD4AA25AEF988133150B59 /* PrivacyZoneRecord.swift in Sources */ = {isa = PBXBuildFile; fileRef = 10D40F3275A4DDC565E3DD2E /* PrivacyZoneRecord.swift */; };
/* End PBXBuildFile section */

/* Begin PBXContainerItemProxy section */
		700A1843A43699AA9F94B9D1 /* PBXContainerItemProxy */ = {
			isa = PBXContainerItemProxy;
			containerPortal = 14C4F60F827FD5338ADA3D34 /* Project object */;
			proxyType = 1;
			remoteGlobalIDString = AB1A93DA517C7F350A9E30F7;
			remoteInfo = RoadSenseNS;
		};
		CC5E637FBB686F1517211A11 /* PBXContainerItemProxy */ = {
			isa = PBXContainerItemProxy;
			containerPortal = 14C4F60F827FD5338ADA3D34 /* Project object */;
			proxyType = 1;
			remoteGlobalIDString = AB1A93DA517C7F350A9E30F7;
			remoteInfo = RoadSenseNS;
		};
		CCE545BE634728D6EE1B667B /* PBXContainerItemProxy */ = {
			isa = PBXContainerItemProxy;
			containerPortal = 14C4F60F827FD5338ADA3D34 /* Project object */;
			proxyType = 1;
			remoteGlobalIDString = AB1A93DA517C7F350A9E30F7;
			remoteInfo = RoadSenseNS;
		};
/* End PBXContainerItemProxy section */

/* Begin PBXFileReference section */
		06554CA351911A995764AA76 /* AppBootstrap.swift */ = {isa = PBXFileReference; lastKnownFileType = sourcecode.swift; path = AppBootstrap.swift; sourceTree = "<group>"; };
		0A95566A8B4700000AFA2805 /* PlaceholderTests.swift */ = {isa = PBXFileReference; lastKnownFileType = sourcecode.swift; path = PlaceholderTests.swift; sourceTree = "<group>"; };
		0AFFFE8ED069250BF48A1547 /* UploadAPIModels.swift */ = {isa = PBXFileReference; lastKnownFileType = sourcecode.swift; path = UploadAPIModels.swift; sourceTree = "<group>"; };
		0E043D7C7485C50A7AA9E049 /* PlaceholderUITests.swift */ = {isa = PBXFileReference; lastKnownFileType = sourcecode.swift; path = PlaceholderUITests.swift; sourceTree = "<group>"; };
		10D40F3275A4DDC565E3DD2E /* PrivacyZoneRecord.swift */ = {isa = PBXFileReference; lastKnownFileType = sourcecode.swift; path = PrivacyZoneRecord.swift; sourceTree = "<group>"; };
		1269DDDE04E2FB4239384BC9 /* ContentView.swift */ = {isa = PBXFileReference; lastKnownFileType = sourcecode.swift; path = ContentView.swift; sourceTree = "<group>"; };
		155FF90E2D9FB3FFB3927DB4 /* QueueModelMapper.swift */ = {isa = PBXFileReference; lastKnownFileType = sourcecode.swift; path = QueueModelMapper.swift; sourceTree = "<group>"; };
		1A63DB84BA5E66CE3F794D25 /* SentryBootstrapper.swift */ = {isa = PBXFileReference; lastKnownFileType = sourcecode.swift; path = SentryBootstrapper.swift; sourceTree = "<group>"; };
		1EFAC01C66B9C992BC2313A7 /* Info.plist */ = {isa = PBXFileReference; lastKnownFileType = text.plist; path = Info.plist; sourceTree = "<group>"; };
		1FB9B9294F92A70C11D0FB1B /* APIClient.swift */ = {isa = PBXFileReference; lastKnownFileType = sourcecode.swift; path = APIClient.swift; sourceTree = "<group>"; };
		27F9E1A697AF1C0543503C5D /* PermissionManager.swift */ = {isa = PBXFileReference; lastKnownFileType = sourcecode.swift; path = PermissionManager.swift; sourceTree = "<group>"; };
		28F035620621F3107CCB6E6D /* ModelContainerProvider.swift */ = {isa = PBXFileReference; lastKnownFileType = sourcecode.swift; path = ModelContainerProvider.swift; sourceTree = "<group>"; };
		31E39073C99FB20D024E79D0 /* MotionMath.swift */ = {isa = PBXFileReference; lastKnownFileType = sourcecode.swift; path = MotionMath.swift; sourceTree = "<group>"; };
		33BE8F93CE35FA6438817474 /* AppConfig.swift */ = {isa = PBXFileReference; lastKnownFileType = sourcecode.swift; path = AppConfig.swift; sourceTree = "<group>"; };
		38814048A460DD56E42A5706 /* ThermalMonitor.swift */ = {isa = PBXFileReference; lastKnownFileType = sourcecode.swift; path = ThermalMonitor.swift; sourceTree = "<group>"; };
		3D5005EEB20B02D1100FB8D7 /* UploadBatch.swift */ = {isa = PBXFileReference; lastKnownFileType = sourcecode.swift; path = UploadBatch.swift; sourceTree = "<group>"; };
		3DCF0439CC9DBD46EB595AA4 /* UploadQueueCore.swift */ = {isa = PBXFileReference; lastKnownFileType = sourcecode.swift; path = UploadQueueCore.swift; sourceTree = "<group>"; };
		3FCA5A9B47E2F21547B5B53D /* RejectedReason.swift */ = {isa = PBXFileReference; lastKnownFileType = sourcecode.swift; path = RejectedReason.swift; sourceTree = "<group>"; };
		43A2FE63800512FAB4319A1A /* LocationService.swift */ = {isa = PBXFileReference; lastKnownFileType = sourcecode.swift; path = LocationService.swift; sourceTree = "<group>"; };
		43F7CA78BA461644E2643371 /* UploadQueueStore.swift */ = {isa = PBXFileReference; lastKnownFileType = sourcecode.swift; path = UploadQueueStore.swift; sourceTree = "<group>"; };
		46E77758971EB7F44643652E /* DrivingHeuristic.swift */ = {isa = PBXFileReference; lastKnownFileType = sourcecode.swift; path = DrivingHeuristic.swift; sourceTree = "<group>"; };
		48A050A1F2F270139D92540F /* RoadSenseNS.Production.xcconfig */ = {isa = PBXFileReference; lastKnownFileType = text.xcconfig; path = RoadSenseNS.Production.xcconfig; sourceTree = "<group>"; };
		4B2199FED8B8DBD6F6FD265B /* BackgroundTaskRegistrar.swift */ = {isa = PBXFileReference; lastKnownFileType = sourcecode.swift; path = BackgroundTaskRegistrar.swift; sourceTree = "<group>"; };
		53EC0C104BF5658C06ACCBB1 /* DeviceTokenManager.swift */ = {isa = PBXFileReference; lastKnownFileType = sourcecode.swift; path = DeviceTokenManager.swift; sourceTree = "<group>"; };
		569CF57A88BC988A02FEFEB7 /* QualityFilter.swift */ = {isa = PBXFileReference; lastKnownFileType = sourcecode.swift; path = QualityFilter.swift; sourceTree = "<group>"; };
		583510BB6B1BABFA95ACB79D /* PrivacyZonesView.swift */ = {isa = PBXFileReference; lastKnownFileType = sourcecode.swift; path = PrivacyZonesView.swift; sourceTree = "<group>"; };
		5A148A1535E38E0F509C75CB /* UploadStatus.swift */ = {isa = PBXFileReference; lastKnownFileType = sourcecode.swift; path = UploadStatus.swift; sourceTree = "<group>"; };
		637B4BB438A6B26C00C8A6E3 /* RoadSenseNS.Local.xcconfig */ = {isa = PBXFileReference; lastKnownFileType = text.xcconfig; path = RoadSenseNS.Local.xcconfig; sourceTree = "<group>"; };
		659C7BBB94CC6DB51D4B2730 /* RoadSenseLogger.swift */ = {isa = PBXFileReference; lastKnownFileType = sourcecode.swift; path = RoadSenseLogger.swift; sourceTree = "<group>"; };
		68183A6CEB94DFF10348CBBE /* AppEnvironment.swift */ = {isa = PBXFileReference; lastKnownFileType = sourcecode.swift; path = AppEnvironment.swift; sourceTree = "<group>"; };
		6F90BE8F166D450841DA0B85 /* Placeholder.swift */ = {isa = PBXFileReference; lastKnownFileType = sourcecode.swift; path = Placeholder.swift; sourceTree = "<group>"; };
		777A503AFECA80F0A49C3096 /* DrivingDetector.swift */ = {isa = PBXFileReference; lastKnownFileType = sourcecode.swift; path = DrivingDetector.swift; sourceTree = "<group>"; };
		7DCAA398E4BA72123985282C /* UploadPolicy.swift */ = {isa = PBXFileReference; lastKnownFileType = sourcecode.swift; path = UploadPolicy.swift; sourceTree = "<group>"; };
		851410FEF57FD6E61D6A6F44 /* DeviceTokenStore.swift */ = {isa = PBXFileReference; lastKnownFileType = sourcecode.swift; path = DeviceTokenStore.swift; sourceTree = "<group>"; };
		87BFF6431F5A28086CBAE761 /* RetentionPolicy.swift */ = {isa = PBXFileReference; lastKnownFileType = sourcecode.swift; path = RetentionPolicy.swift; sourceTree = "<group>"; };
		8C3CC85D4B7789B2AC4C7FC7 /* PotholeDetector.swift */ = {isa = PBXFileReference; lastKnownFileType = sourcecode.swift; path = PotholeDetector.swift; sourceTree = "<group>"; };
		9139453217F19A1A04A4F0FF /* ReadingBuilder.swift */ = {isa = PBXFileReference; lastKnownFileType = sourcecode.swift; path = ReadingBuilder.swift; sourceTree = "<group>"; };
		998E3B40A89C837692A7B138 /* DeviceTokenRecord.swift */ = {isa = PBXFileReference; lastKnownFileType = sourcecode.swift; path = DeviceTokenRecord.swift; sourceTree = "<group>"; };
		9A192B2CFE9054A42D255FF3 /* RoadSenseNS.app */ = {isa = PBXFileReference; includeInIndex = 0; lastKnownFileType = wrapper.application; path = RoadSenseNS.app; sourceTree = BUILT_PRODUCTS_DIR; };
		A68D28C0E187AB48C62D0AC3 /* RoadSenseNS.Staging.xcconfig */ = {isa = PBXFileReference; lastKnownFileType = text.xcconfig; path = RoadSenseNS.Staging.xcconfig; sourceTree = "<group>"; };
		A8170529197B80D0CFDDC48C /* UploadEligibilityPolicy.swift */ = {isa = PBXFileReference; lastKnownFileType = sourcecode.swift; path = UploadEligibilityPolicy.swift; sourceTree = "<group>"; };
		A96B8343D20095BCEF65D89C /* ReadingRecord.swift */ = {isa = PBXFileReference; lastKnownFileType = sourcecode.swift; path = ReadingRecord.swift; sourceTree = "<group>"; };
		AC9553FFA21CB22675B92971 /* UploadRequestFactory.swift */ = {isa = PBXFileReference; lastKnownFileType = sourcecode.swift; path = UploadRequestFactory.swift; sourceTree = "<group>"; };
		B0C209D91B4FE4596C651B49 /* BackgroundCollectionPolicy.swift */ = {isa = PBXFileReference; lastKnownFileType = sourcecode.swift; path = BackgroundCollectionPolicy.swift; sourceTree = "<group>"; };
		B41B92DA7CA8EB765BCFC11A /* Uploader.swift */ = {isa = PBXFileReference; lastKnownFileType = sourcecode.swift; path = Uploader.swift; sourceTree = "<group>"; };
		B8E86F01DD97C19967FD7491 /* PrivacyZone.swift */ = {isa = PBXFileReference; lastKnownFileType = sourcecode.swift; path = PrivacyZone.swift; sourceTree = "<group>"; };
		C7D1B33C9EA9A18473F8587E /* RoadSenseNSApp.swift */ = {isa = PBXFileReference; lastKnownFileType = sourcecode.swift; path = RoadSenseNSApp.swift; sourceTree = "<group>"; };
		C92C66AE5DC3BC5CF5E85327 /* RoadSenseNSTests.xctest */ = {isa = PBXFileReference; includeInIndex = 0; lastKnownFileType = wrapper.cfbundle; path = RoadSenseNSTests.xctest; sourceTree = BUILT_PRODUCTS_DIR; };
		CEC86C13C16A0385D36E47FD /* AppContainer.swift */ = {isa = PBXFileReference; lastKnownFileType = sourcecode.swift; path = AppContainer.swift; sourceTree = "<group>"; };
		D447BEA44ED8E5AA5033B84E /* UploadResponseParser.swift */ = {isa = PBXFileReference; lastKnownFileType = sourcecode.swift; path = UploadResponseParser.swift; sourceTree = "<group>"; };
		D5B5A1B95BF7D4367ED53F67 /* CollectionReadiness.swift */ = {isa = PBXFileReference; lastKnownFileType = sourcecode.swift; path = CollectionReadiness.swift; sourceTree = "<group>"; };
		D6D673F19DB713B76E0CDCF0 /* RoadSenseNSUITests.xctest */ = {isa = PBXFileReference; includeInIndex = 0; lastKnownFileType = wrapper.cfbundle; path = RoadSenseNSUITests.xctest; sourceTree = BUILT_PRODUCTS_DIR; };
		DB54690AD1B0B14F43315BE6 /* PrivacyZoneStore.swift */ = {isa = PBXFileReference; lastKnownFileType = sourcecode.swift; path = PrivacyZoneStore.swift; sourceTree = "<group>"; };
		DE4B6189F55160E7C0CA0856 /* RoadSenseNSSimHarness.app */ = {isa = PBXFileReference; includeInIndex = 0; lastKnownFileType = wrapper.application; path = RoadSenseNSSimHarness.app; sourceTree = BUILT_PRODUCTS_DIR; };
		E0646FAEDFDBCFB6D8B4F9B2 /* AppModel.swift */ = {isa = PBXFileReference; lastKnownFileType = sourcecode.swift; path = AppModel.swift; sourceTree = "<group>"; };
		E32C15B4FE59F8CA5CA37118 /* UploadBatchJSONCodec.swift */ = {isa = PBXFileReference; lastKnownFileType = sourcecode.swift; path = UploadBatchJSONCodec.swift; sourceTree = "<group>"; };
		E68A275BABCEFCE3E1964F10 /* MotionService.swift */ = {isa = PBXFileReference; lastKnownFileType = sourcecode.swift; path = MotionService.swift; sourceTree = "<group>"; };
		E83AC0B6AFCA145180534B1D /* OnboardingFlowView.swift */ = {isa = PBXFileReference; lastKnownFileType = sourcecode.swift; path = OnboardingFlowView.swift; sourceTree = "<group>"; };
		EDAC070ACEE2F122C555B0ED /* UserStats.swift */ = {isa = PBXFileReference; lastKnownFileType = sourcecode.swift; path = UserStats.swift; sourceTree = "<group>"; };
		EE246C89A3251586B6ECE509 /* IngestHealthEvaluator.swift */ = {isa = PBXFileReference; lastKnownFileType = sourcecode.swift; path = IngestHealthEvaluator.swift; sourceTree = "<group>"; };
		EE870B004546FC93939AF065 /* Endpoints.swift */ = {isa = PBXFileReference; lastKnownFileType = sourcecode.swift; path = Endpoints.swift; sourceTree = "<group>"; };
		F70A04456020333C21483C47 /* HighPassBiquad.swift */ = {isa = PBXFileReference; lastKnownFileType = sourcecode.swift; path = HighPassBiquad.swift; sourceTree = "<group>"; };
/* End PBXFileReference section */

/* Begin PBXFrameworksBuildPhase section */
		7870343A5143E635A24ED237 /* Frameworks */ = {
			isa = PBXFrameworksBuildPhase;
			buildActionMask = 2147483647;
			files = (
				DC0045BD98623446B06CC83F /* MapboxMaps in Frameworks */,
				4030CA59DBFD2BD1002A939A /* Supabase in Frameworks */,
				3A12C703A9C25D212D32EECD /* Sentry in Frameworks */,
			);
			runOnlyForDeploymentPostprocessing = 0;
		};
/* End PBXFrameworksBuildPhase section */

/* Begin PBXGroup section */
		028BC5F2F6B3161D91329D20 /* Persistence */ = {
			isa = PBXGroup;
			children = (
				851410FEF57FD6E61D6A6F44 /* DeviceTokenStore.swift */,
				28F035620621F3107CCB6E6D /* ModelContainerProvider.swift */,
				DB54690AD1B0B14F43315BE6 /* PrivacyZoneStore.swift */,
				155FF90E2D9FB3FFB3927DB4 /* QueueModelMapper.swift */,
				E32C15B4FE59F8CA5CA37118 /* UploadBatchJSONCodec.swift */,
				43F7CA78BA461644E2643371 /* UploadQueueStore.swift */,
				5A148A1535E38E0F509C75CB /* UploadStatus.swift */,
				2A2AFDB3E79FE47BF9D5CA9A /* Models */,
			);
			path = Persistence;
			sourceTree = "<group>";
		};
		2616872B480318DDB35923E0 /* RoadSenseNSSimHarness */ = {
			isa = PBXGroup;
			children = (
				6F90BE8F166D450841DA0B85 /* Placeholder.swift */,
			);
			path = RoadSenseNSSimHarness;
			sourceTree = "<group>";
		};
		2A2AFDB3E79FE47BF9D5CA9A /* Models */ = {
			isa = PBXGroup;
			children = (
				998E3B40A89C837692A7B138 /* DeviceTokenRecord.swift */,
				10D40F3275A4DDC565E3DD2E /* PrivacyZoneRecord.swift */,
				A96B8343D20095BCEF65D89C /* ReadingRecord.swift */,
				3D5005EEB20B02D1100FB8D7 /* UploadBatch.swift */,
				EDAC070ACEE2F122C555B0ED /* UserStats.swift */,
			);
			path = Models;
			sourceTree = "<group>";
		};
		3DA5CFEE591201A217A46DF1 /* Sensors */ = {
			isa = PBXGroup;
			children = (
				777A503AFECA80F0A49C3096 /* DrivingDetector.swift */,
				43A2FE63800512FAB4319A1A /* LocationService.swift */,
				E68A275BABCEFCE3E1964F10 /* MotionService.swift */,
				27F9E1A697AF1C0543503C5D /* PermissionManager.swift */,
				38814048A460DD56E42A5706 /* ThermalMonitor.swift */,
			);
			path = Sensors;
			sourceTree = "<group>";
		};
		4503BF389D677ACEB72B8B7F /* RoadSenseNS */ = {
			isa = PBXGroup;
			children = (
				61BE73AFDBE416B803153AE4 /* App */,
				FDA53F96E3D07F8598FC53E6 /* Features */,
				4CDED683C0261506DF4DE51D /* Network */,
				028BC5F2F6B3161D91329D20 /* Persistence */,
				5A8CED41DE2A08EAC1E6EC8D /* Resources */,
				3DA5CFEE591201A217A46DF1 /* Sensors */,
			);
			path = RoadSenseNS;
			sourceTree = "<group>";
		};
		4CDED683C0261506DF4DE51D /* Network */ = {
			isa = PBXGroup;
			children = (
				1FB9B9294F92A70C11D0FB1B /* APIClient.swift */,
				B41B92DA7CA8EB765BCFC11A /* Uploader.swift */,
			);
			path = Network;
			sourceTree = "<group>";
		};
		5A8CED41DE2A08EAC1E6EC8D /* Resources */ = {
			isa = PBXGroup;
			children = (
				1EFAC01C66B9C992BC2313A7 /* Info.plist */,
			);
			path = Resources;
			sourceTree = "<group>";
		};
		5DBAB5416F3CFF346DB129D6 /* RoadSenseNSBootstrap */ = {
			isa = PBXGroup;
			children = (
				B61C0DD8F4BF7D0D5233BF1D /* App */,
				CF5D38DA0C81059E6BD7F80C /* Network */,
				6883818A9719BF1C85E9ED58 /* Persistence */,
				65D6FD49579F5DD63102B1EC /* Pipeline */,
				648A1468144CAA6AD8F3CB29 /* Privacy */,
				78B8AD817CC5B828170BEFDF /* Sensors */,
			);
			name = RoadSenseNSBootstrap;
			path = Sources/RoadSenseNSBootstrap;
			sourceTree = "<group>";
		};
		5EAE958993E58295AD908C5C /* Config */ = {
			isa = PBXGroup;
			children = (
				637B4BB438A6B26C00C8A6E3 /* RoadSenseNS.Local.xcconfig */,
				48A050A1F2F270139D92540F /* RoadSenseNS.Production.xcconfig */,
				A68D28C0E187AB48C62D0AC3 /* RoadSenseNS.Staging.xcconfig */,
			);
			path = Config;
			sourceTree = "<group>";
		};
		61BE73AFDBE416B803153AE4 /* App */ = {
			isa = PBXGroup;
			children = (
				06554CA351911A995764AA76 /* AppBootstrap.swift */,
				CEC86C13C16A0385D36E47FD /* AppContainer.swift */,
				E0646FAEDFDBCFB6D8B4F9B2 /* AppModel.swift */,
				4B2199FED8B8DBD6F6FD265B /* BackgroundTaskRegistrar.swift */,
				1269DDDE04E2FB4239384BC9 /* ContentView.swift */,
				659C7BBB94CC6DB51D4B2730 /* RoadSenseLogger.swift */,
				C7D1B33C9EA9A18473F8587E /* RoadSenseNSApp.swift */,
				1A63DB84BA5E66CE3F794D25 /* SentryBootstrapper.swift */,
			);
			path = App;
			sourceTree = "<group>";
		};
		648A1468144CAA6AD8F3CB29 /* Privacy */ = {
			isa = PBXGroup;
			children = (
				B8E86F01DD97C19967FD7491 /* PrivacyZone.swift */,
				3FCA5A9B47E2F21547B5B53D /* RejectedReason.swift */,
			);
			path = Privacy;
			sourceTree = "<group>";
		};
		65D6FD49579F5DD63102B1EC /* Pipeline */ = {
			isa = PBXGroup;
			children = (
				8C3CC85D4B7789B2AC4C7FC7 /* PotholeDetector.swift */,
				569CF57A88BC988A02FEFEB7 /* QualityFilter.swift */,
				9139453217F19A1A04A4F0FF /* ReadingBuilder.swift */,
			);
			path = Pipeline;
			sourceTree = "<group>";
		};
		6883818A9719BF1C85E9ED58 /* Persistence */ = {
			isa = PBXGroup;
			children = (
				53EC0C104BF5658C06ACCBB1 /* DeviceTokenManager.swift */,
				EE246C89A3251586B6ECE509 /* IngestHealthEvaluator.swift */,
				87BFF6431F5A28086CBAE761 /* RetentionPolicy.swift */,
				3DCF0439CC9DBD46EB595AA4 /* UploadQueueCore.swift */,
			);
			path = Persistence;
			sourceTree = "<group>";
		};
		72C8991597F8571C49642375 = {
			isa = PBXGroup;
			children = (
				5EAE958993E58295AD908C5C /* Config */,
				4503BF389D677ACEB72B8B7F /* RoadSenseNS */,
				5DBAB5416F3CFF346DB129D6 /* RoadSenseNSBootstrap */,
				2616872B480318DDB35923E0 /* RoadSenseNSSimHarness */,
				738AEE105180D9D2D869A4F8 /* RoadSenseNSTests */,
				EE56D8855F086B71B6EE0CED /* RoadSenseNSUITests */,
				9E5365CA19BCADC399895BD7 /* Products */,
			);
			sourceTree = "<group>";
		};
		738AEE105180D9D2D869A4F8 /* RoadSenseNSTests */ = {
			isa = PBXGroup;
			children = (
				0A95566A8B4700000AFA2805 /* PlaceholderTests.swift */,
			);
			path = RoadSenseNSTests;
			sourceTree = "<group>";
		};
		78B8AD817CC5B828170BEFDF /* Sensors */ = {
			isa = PBXGroup;
			children = (
				46E77758971EB7F44643652E /* DrivingHeuristic.swift */,
				F70A04456020333C21483C47 /* HighPassBiquad.swift */,
				31E39073C99FB20D024E79D0 /* MotionMath.swift */,
			);
			path = Sensors;
			sourceTree = "<group>";
		};
		7A9157B62ED71B02C9AFF8BC /* PrivacyZones */ = {
			isa = PBXGroup;
			children = (
				583510BB6B1BABFA95ACB79D /* PrivacyZonesView.swift */,
			);
			path = PrivacyZones;
			sourceTree = "<group>";
		};
		9E5365CA19BCADC399895BD7 /* Products */ = {
			isa = PBXGroup;
			children = (
				9A192B2CFE9054A42D255FF3 /* RoadSenseNS.app */,
				DE4B6189F55160E7C0CA0856 /* RoadSenseNSSimHarness.app */,
				C92C66AE5DC3BC5CF5E85327 /* RoadSenseNSTests.xctest */,
				D6D673F19DB713B76E0CDCF0 /* RoadSenseNSUITests.xctest */,
			);
			name = Products;
			sourceTree = "<group>";
		};
		A055F6FAB38CBD5786C00779 /* Onboarding */ = {
			isa = PBXGroup;
			children = (
				E83AC0B6AFCA145180534B1D /* OnboardingFlowView.swift */,
			);
			path = Onboarding;
			sourceTree = "<group>";
		};
		B61C0DD8F4BF7D0D5233BF1D /* App */ = {
			isa = PBXGroup;
			children = (
				33BE8F93CE35FA6438817474 /* AppConfig.swift */,
				68183A6CEB94DFF10348CBBE /* AppEnvironment.swift */,
				B0C209D91B4FE4596C651B49 /* BackgroundCollectionPolicy.swift */,
				D5B5A1B95BF7D4367ED53F67 /* CollectionReadiness.swift */,
			);
			path = App;
			sourceTree = "<group>";
		};
		CF5D38DA0C81059E6BD7F80C /* Network */ = {
			isa = PBXGroup;
			children = (
				EE870B004546FC93939AF065 /* Endpoints.swift */,
				0AFFFE8ED069250BF48A1547 /* UploadAPIModels.swift */,
				A8170529197B80D0CFDDC48C /* UploadEligibilityPolicy.swift */,
				7DCAA398E4BA72123985282C /* UploadPolicy.swift */,
				AC9553FFA21CB22675B92971 /* UploadRequestFactory.swift */,
				D447BEA44ED8E5AA5033B84E /* UploadResponseParser.swift */,
			);
			path = Network;
			sourceTree = "<group>";
		};
		EE56D8855F086B71B6EE0CED /* RoadSenseNSUITests */ = {
			isa = PBXGroup;
			children = (
				0E043D7C7485C50A7AA9E049 /* PlaceholderUITests.swift */,
			);
			path = RoadSenseNSUITests;
			sourceTree = "<group>";
		};
		FDA53F96E3D07F8598FC53E6 /* Features */ = {
			isa = PBXGroup;
			children = (
				A055F6FAB38CBD5786C00779 /* Onboarding */,
				7A9157B62ED71B02C9AFF8BC /* PrivacyZones */,
			);
			path = Features;
			sourceTree = "<group>";
		};
/* End PBXGroup section */

/* Begin PBXNativeTarget section */
		14C89C9C29065D1BBF8B539B /* RoadSenseNSSimHarness */ = {
			isa = PBXNativeTarget;
			buildConfigurationList = F56151FB1DFD849014A320DB /* Build configuration list for PBXNativeTarget "RoadSenseNSSimHarness" */;
			buildPhases = (
				E29CC34488BE10CC2A8941C5 /* Sources */,
				A889CE1D80638DB527BAC1C5 /* Resources */,
			);
			buildRules = (
			);
			dependencies = (
				E22A739339AC395F75A2C023 /* PBXTargetDependency */,
			);
			name = RoadSenseNSSimHarness;
			packageProductDependencies = (
			);
			productName = RoadSenseNSSimHarness;
			productReference = DE4B6189F55160E7C0CA0856 /* RoadSenseNSSimHarness.app */;
			productType = "com.apple.product-type.application";
		};
		6C4282FA31560B7A152AC1C4 /* RoadSenseNSUITests */ = {
			isa = PBXNativeTarget;
			buildConfigurationList = 7E94AABD1240B7DBE9A21530 /* Build configuration list for PBXNativeTarget "RoadSenseNSUITests" */;
			buildPhases = (
				D9FE7898AD7C503C376DC2CF /* Sources */,
			);
			buildRules = (
			);
			dependencies = (
				ED887E1440FE374AD4AEC292 /* PBXTargetDependency */,
			);
			name = RoadSenseNSUITests;
			packageProductDependencies = (
			);
			productName = RoadSenseNSUITests;
			productReference = D6D673F19DB713B76E0CDCF0 /* RoadSenseNSUITests.xctest */;
			productType = "com.apple.product-type.bundle.ui-testing";
		};
		AB1A93DA517C7F350A9E30F7 /* RoadSenseNS */ = {
			isa = PBXNativeTarget;
			buildConfigurationList = A8D996C6FFA47E92698C4A1A /* Build configuration list for PBXNativeTarget "RoadSenseNS" */;
			buildPhases = (
				F56E3E5C245208990E07B5F2 /* Sources */,
				7870343A5143E635A24ED237 /* Frameworks */,
			);
			buildRules = (
			);
			dependencies = (
			);
			name = RoadSenseNS;
			packageProductDependencies = (
				DFBDE19C2B3A05C0840949A5 /* MapboxMaps */,
				911FE323EAA29C4D280E37AB /* Supabase */,
				94AD22E714178BC9763D1344 /* Sentry */,
			);
			productName = RoadSenseNS;
			productReference = 9A192B2CFE9054A42D255FF3 /* RoadSenseNS.app */;
			productType = "com.apple.product-type.application";
		};
		F3B73F912150FE5952CCF260 /* RoadSenseNSTests */ = {
			isa = PBXNativeTarget;
			buildConfigurationList = 41052F1EC4E64E476887B0AD /* Build configuration list for PBXNativeTarget "RoadSenseNSTests" */;
			buildPhases = (
				B5C97A1E42106695D31D6014 /* Sources */,
			);
			buildRules = (
			);
			dependencies = (
				C918A49F5730EFA177B5A394 /* PBXTargetDependency */,
			);
			name = RoadSenseNSTests;
			packageProductDependencies = (
			);
			productName = RoadSenseNSTests;
			productReference = C92C66AE5DC3BC5CF5E85327 /* RoadSenseNSTests.xctest */;
			productType = "com.apple.product-type.bundle.unit-test";
		};
/* End PBXNativeTarget section */

/* Begin PBXProject section */
		14C4F60F827FD5338ADA3D34 /* Project object */ = {
			isa = PBXProject;
			attributes = {
				BuildIndependentTargetsInParallel = YES;
				LastUpgradeCheck = 1430;
				TargetAttributes = {
					14C89C9C29065D1BBF8B539B = {
						DevelopmentTeam = "";
						ProvisioningStyle = Automatic;
					};
					6C4282FA31560B7A152AC1C4 = {
						DevelopmentTeam = "";
						ProvisioningStyle = Automatic;
						TestTargetID = AB1A93DA517C7F350A9E30F7;
					};
					AB1A93DA517C7F350A9E30F7 = {
						DevelopmentTeam = "";
						ProvisioningStyle = Automatic;
					};
					F3B73F912150FE5952CCF260 = {
						DevelopmentTeam = "";
						ProvisioningStyle = Automatic;
					};
				};
			};
			buildConfigurationList = FD88E246D260D44D56D109A8 /* Build configuration list for PBXProject "RoadSenseNS" */;
			developmentRegion = en;
			hasScannedForEncodings = 0;
			knownRegions = (
				Base,
				en,
			);
			mainGroup = 72C8991597F8571C49642375;
			minimizedProjectReferenceProxies = 1;
			packageReferences = (
				96F64FC677BF723845031B5B /* XCRemoteSwiftPackageReference "mapbox-maps-ios" */,
				FC0B82BB3BA9464D0CAD100E /* XCRemoteSwiftPackageReference "sentry-cocoa" */,
				6426CEC5A945D2E6A4F75BDE /* XCRemoteSwiftPackageReference "supabase-swift" */,
			);
			preferredProjectObjectVersion = 77;
			productRefGroup = 9E5365CA19BCADC399895BD7 /* Products */;
			projectDirPath = "";
			projectRoot = "";
			targets = (
				AB1A93DA517C7F350A9E30F7 /* RoadSenseNS */,
				14C89C9C29065D1BBF8B539B /* RoadSenseNSSimHarness */,
				F3B73F912150FE5952CCF260 /* RoadSenseNSTests */,
				6C4282FA31560B7A152AC1C4 /* RoadSenseNSUITests */,
			);
		};
/* End PBXProject section */

/* Begin PBXResourcesBuildPhase section */
		A889CE1D80638DB527BAC1C5 /* Resources */ = {
			isa = PBXResourcesBuildPhase;
			buildActionMask = 2147483647;
			files = (
				662745AF919AD72F235FBC77 /* RoadSenseNS.app in Resources */,
			);
			runOnlyForDeploymentPostprocessing = 0;
		};
/* End PBXResourcesBuildPhase section */

/* Begin PBXSourcesBuildPhase section */
		B5C97A1E42106695D31D6014 /* Sources */ = {
			isa = PBXSourcesBuildPhase;
			buildActionMask = 2147483647;
			files = (
				0D2DE814C8DFF7337AD6EFA6 /* PlaceholderTests.swift in Sources */,
			);
			runOnlyForDeploymentPostprocessing = 0;
		};
		D9FE7898AD7C503C376DC2CF /* Sources */ = {
			isa = PBXSourcesBuildPhase;
			buildActionMask = 2147483647;
			files = (
				8D115A4BF690BF1A26B2A326 /* PlaceholderUITests.swift in Sources */,
			);
			runOnlyForDeploymentPostprocessing = 0;
		};
		E29CC34488BE10CC2A8941C5 /* Sources */ = {
			isa = PBXSourcesBuildPhase;
			buildActionMask = 2147483647;
			files = (
				C4EC1C16AF8B9858DC3C9C2A /* Placeholder.swift in Sources */,
			);
			runOnlyForDeploymentPostprocessing = 0;
		};
		F56E3E5C245208990E07B5F2 /* Sources */ = {
			isa = PBXSourcesBuildPhase;
			buildActionMask = 2147483647;
			files = (
				2E1B6D32ED2B5BB95BBBDC7E /* APIClient.swift in Sources */,
				EB46566139FD4C04A594EA96 /* AppBootstrap.swift in Sources */,
				F95AA84B2BCBC6B15BA91532 /* AppConfig.swift in Sources */,
				9C664A3BEE040E0064BA96BA /* AppContainer.swift in Sources */,
				6B42654DBC077FAC55F09FD3 /* AppEnvironment.swift in Sources */,
				DBE9EAA01AE9BA7D8306F7BF /* AppModel.swift in Sources */,
				0BCFD3D8D47603D464DDD78B /* BackgroundCollectionPolicy.swift in Sources */,
				D9D68063F1304D636E7E2814 /* BackgroundTaskRegistrar.swift in Sources */,
				C02E931B0EFEC031C895EA80 /* CollectionReadiness.swift in Sources */,
				C315D9DBEAAC9A03B4F80F70 /* ContentView.swift in Sources */,
				E0A858EAF54B726D7480CB88 /* DeviceTokenManager.swift in Sources */,
				63608FF99D0642C8081C5D41 /* DeviceTokenRecord.swift in Sources */,
				A1474D058AA8DD8A7886BF8B /* DeviceTokenStore.swift in Sources */,
				B21405C05811503808C54478 /* DrivingDetector.swift in Sources */,
				1780B2A4E897E484A5BB3C0D /* DrivingHeuristic.swift in Sources */,
				1B16282C261E9CED53A3E371 /* Endpoints.swift in Sources */,
				982F60A97C38F459074E9E34 /* HighPassBiquad.swift in Sources */,
				AFEE1434CB9A30B9D66A33DC /* IngestHealthEvaluator.swift in Sources */,
				D936E8CAA7F8D74C012BB1D8 /* LocationService.swift in Sources */,
				CAFAF51DC3E1A3AF7854919C /* ModelContainerProvider.swift in Sources */,
				1B9B8D56DFC14459AAE0D031 /* MotionMath.swift in Sources */,
				B2D9E6BCD21611B708C78F26 /* MotionService.swift in Sources */,
				ED8DD1471CDB22C80D593E55 /* OnboardingFlowView.swift in Sources */,
				5B011F7824CB4E482FB240B4 /* PermissionManager.swift in Sources */,
				4E08F2DAC6BCB52420AA8BB2 /* PotholeDetector.swift in Sources */,
				58D2BBBAABD2C950BE180973 /* PrivacyZone.swift in Sources */,
				FCBD4AA25AEF988133150B59 /* PrivacyZoneRecord.swift in Sources */,
				C859EED8CA59645B04B5D668 /* PrivacyZoneStore.swift in Sources */,
				D4C185705B6C67577E3128F9 /* PrivacyZonesView.swift in Sources */,
				DDCC83C031162D3E518D596B /* QualityFilter.swift in Sources */,
				88254277AF3BF19D3FD07EC8 /* QueueModelMapper.swift in Sources */,
				D341480EFFBE39FDAF32552F /* ReadingBuilder.swift in Sources */,
				B2E6DF647ED4515D3A700282 /* ReadingRecord.swift in Sources */,
				7A292EF7FD5C3BC651718E56 /* RejectedReason.swift in Sources */,
				8147DC66BED1C5411E9FD89D /* RetentionPolicy.swift in Sources */,
				61C6790E5D041EB25808BAF3 /* RoadSenseLogger.swift in Sources */,
				7FA2D5C653995C0F73E6666A /* RoadSenseNSApp.swift in Sources */,
				825EF8A058DF7DA06B8A89CE /* SentryBootstrapper.swift in Sources */,
				0005F6455CB1194DA77528C2 /* ThermalMonitor.swift in Sources */,
				71B953E564C5532CCA058F32 /* UploadAPIModels.swift in Sources */,
				94F489CC8741A0B2D00ED1DC /* UploadBatch.swift in Sources */,
				13F02CBE3FA2D19A992E0016 /* UploadBatchJSONCodec.swift in Sources */,
				55AA7CEAC78F98938B1505DB /* UploadEligibilityPolicy.swift in Sources */,
				B84C0C037E20BD97BD457AB5 /* UploadPolicy.swift in Sources */,
				4294ED05A035C9695AEE0A7F /* UploadQueueCore.swift in Sources */,
				42AFA19B9DFD89C70573617B /* UploadQueueStore.swift in Sources */,
				6A4D3994F6D6782ACB98445F /* UploadRequestFactory.swift in Sources */,
				63328FB0E97ABDBED76424CF /* UploadResponseParser.swift in Sources */,
				CE11AD6DFDAB5C71982687C4 /* UploadStatus.swift in Sources */,
				60AA16F79F94361B54431179 /* Uploader.swift in Sources */,
				A460A833459B34A6941B6DE9 /* UserStats.swift in Sources */,
			);
			runOnlyForDeploymentPostprocessing = 0;
		};
/* End PBXSourcesBuildPhase section */

/* Begin PBXTargetDependency section */
		C918A49F5730EFA177B5A394 /* PBXTargetDependency */ = {
			isa = PBXTargetDependency;
			target = AB1A93DA517C7F350A9E30F7 /* RoadSenseNS */;
			targetProxy = CCE545BE634728D6EE1B667B /* PBXContainerItemProxy */;
		};
		E22A739339AC395F75A2C023 /* PBXTargetDependency */ = {
			isa = PBXTargetDependency;
			target = AB1A93DA517C7F350A9E30F7 /* RoadSenseNS */;
			targetProxy = CC5E637FBB686F1517211A11 /* PBXContainerItemProxy */;
		};
		ED887E1440FE374AD4AEC292 /* PBXTargetDependency */ = {
			isa = PBXTargetDependency;
			target = AB1A93DA517C7F350A9E30F7 /* RoadSenseNS */;
			targetProxy = 700A1843A43699AA9F94B9D1 /* PBXContainerItemProxy */;
		};
/* End PBXTargetDependency section */

/* Begin XCBuildConfiguration section */
		09CB84F4191E1BC488D4DF9B /* Staging Debug */ = {
			isa = XCBuildConfiguration;
			buildSettings = {
				ASSETCATALOG_COMPILER_APPICON_NAME = AppIcon;
				CODE_SIGN_IDENTITY = "iPhone Developer";
				INFOPLIST_FILE = RoadSenseNS/Resources/Info.plist;
				INFOPLIST_KEY_BGTaskSchedulerPermittedIdentifiers = (
					ca.roadsense.ios.cleanup,
				);
				INFOPLIST_KEY_NSLocationAlwaysAndWhenInUseUsageDescription = "RoadSense NS uses background location to keep collecting road quality readings during a drive.";
				INFOPLIST_KEY_NSLocationWhenInUseUsageDescription = "RoadSense NS uses your location to measure road quality while you drive.";
				INFOPLIST_KEY_NSMotionUsageDescription = "RoadSense NS uses motion data to score road roughness and detect potholes.";
				INFOPLIST_KEY_UIBackgroundModes = (
					location,
					processing,
					fetch,
				);
				INFOPLIST_KEY_UILaunchScreen_Generation = YES;
				LD_RUNPATH_SEARCH_PATHS = (
					"$(inherited)",
					"@executable_path/Frameworks",
				);
				PRODUCT_BUNDLE_IDENTIFIER = ca.roadsense.ios;
				SDKROOT = iphoneos;
				SUPPORTED_PLATFORMS = "iphoneos iphonesimulator";
				SWIFT_ACTIVE_COMPILATION_CONDITIONS = "$(inherited)";
				TARGETED_DEVICE_FAMILY = 1;
			};
			name = "Staging Debug";
		};
		1517D63E0092D982294F961A /* Production Release */ = {
			isa = XCBuildConfiguration;
			buildSettings = {
				BUNDLE_LOADER = "$(TEST_HOST)";
				LD_RUNPATH_SEARCH_PATHS = (
					"$(inherited)",
					"@executable_path/Frameworks",
					"@loader_path/Frameworks",
				);
				PRODUCT_BUNDLE_IDENTIFIER = ca.roadsense.ios.tests;
				SDKROOT = iphoneos;
				TARGETED_DEVICE_FAMILY = "1,2";
				TEST_HOST = "$(BUILT_PRODUCTS_DIR)/RoadSenseNS.app/RoadSenseNS";
			};
			name = "Production Release";
		};
		21F4AD00EFC0C23EAC0D76BE /* Staging Debug */ = {
			isa = XCBuildConfiguration;
			buildSettings = {
				BUNDLE_LOADER = "$(TEST_HOST)";
				LD_RUNPATH_SEARCH_PATHS = (
					"$(inherited)",
					"@executable_path/Frameworks",
					"@loader_path/Frameworks",
				);
				PRODUCT_BUNDLE_IDENTIFIER = ca.roadsense.ios.uitests;
				SDKROOT = iphoneos;
				TARGETED_DEVICE_FAMILY = "1,2";
				TEST_TARGET_NAME = RoadSenseNS;
			};
			name = "Staging Debug";
		};
		250BE1B3E9F55AB7AF02F1BC /* Production Release */ = {
			isa = XCBuildConfiguration;
			buildSettings = {
				BUNDLE_LOADER = "$(TEST_HOST)";
				LD_RUNPATH_SEARCH_PATHS = (
					"$(inherited)",
					"@executable_path/Frameworks",
					"@loader_path/Frameworks",
				);
				PRODUCT_BUNDLE_IDENTIFIER = ca.roadsense.ios.uitests;
				SDKROOT = iphoneos;
				TARGETED_DEVICE_FAMILY = "1,2";
				TEST_TARGET_NAME = RoadSenseNS;
			};
			name = "Production Release";
		};
		32ABCD53060DF6D0A2A71C85 /* Local Debug */ = {
			isa = XCBuildConfiguration;
			baseConfigurationReference = 637B4BB438A6B26C00C8A6E3 /* RoadSenseNS.Local.xcconfig */;
			buildSettings = {
				ALWAYS_SEARCH_USER_PATHS = NO;
				ASSETCATALOG_COMPILER_APPICON_NAME = AppIcon;
				CLANG_ANALYZER_NONNULL = YES;
				CLANG_ANALYZER_NUMBER_OBJECT_CONVERSION = YES_AGGRESSIVE;
				CLANG_CXX_LANGUAGE_STANDARD = "gnu++14";
				CLANG_CXX_LIBRARY = "libc++";
				CLANG_ENABLE_MODULES = YES;
				CLANG_ENABLE_OBJC_ARC = YES;
				CLANG_ENABLE_OBJC_WEAK = YES;
				CLANG_WARN_BLOCK_CAPTURE_AUTORELEASING = YES;
				CLANG_WARN_BOOL_CONVERSION = YES;
				CLANG_WARN_COMMA = YES;
				CLANG_WARN_CONSTANT_CONVERSION = YES;
				CLANG_WARN_DEPRECATED_OBJC_IMPLEMENTATIONS = YES;
				CLANG_WARN_DIRECT_OBJC_ISA_USAGE = YES_ERROR;
				CLANG_WARN_DOCUMENTATION_COMMENTS = YES;
				CLANG_WARN_EMPTY_BODY = YES;
				CLANG_WARN_ENUM_CONVERSION = YES;
				CLANG_WARN_INFINITE_RECURSION = YES;
				CLANG_WARN_INT_CONVERSION = YES;
				CLANG_WARN_NON_LITERAL_NULL_CONVERSION = YES;
				CLANG_WARN_OBJC_IMPLICIT_RETAIN_SELF = YES;
				CLANG_WARN_OBJC_LITERAL_CONVERSION = YES;
				CLANG_WARN_OBJC_ROOT_CLASS = YES_ERROR;
				CLANG_WARN_QUOTED_INCLUDE_IN_FRAMEWORK_HEADER = YES;
				CLANG_WARN_RANGE_LOOP_ANALYSIS = YES;
				CLANG_WARN_STRICT_PROTOTYPES = YES;
				CLANG_WARN_SUSPICIOUS_MOVE = YES;
				CLANG_WARN_UNGUARDED_AVAILABILITY = YES_AGGRESSIVE;
				CLANG_WARN_UNREACHABLE_CODE = YES;
				CLANG_WARN__DUPLICATE_METHOD_MATCH = YES;
				CODE_SIGN_STYLE = Automatic;
				COPY_PHASE_STRIP = NO;
				CURRENT_PROJECT_VERSION = 1;
				DEBUG_INFORMATION_FORMAT = dwarf;
				DEVELOPMENT_TEAM = "";
				ENABLE_PREVIEWS = YES;
				ENABLE_STRICT_OBJC_MSGSEND = YES;
				ENABLE_TESTABILITY = YES;
				GCC_C_LANGUAGE_STANDARD = gnu11;
				GCC_DYNAMIC_NO_PIC = NO;
				GCC_NO_COMMON_BLOCKS = YES;
				GCC_OPTIMIZATION_LEVEL = 0;
				GCC_PREPROCESSOR_DEFINITIONS = (
					"$(inherited)",
					"DEBUG=1",
				);
				GCC_WARN_64_TO_32_BIT_CONVERSION = YES;
				GCC_WARN_ABOUT_RETURN_TYPE = YES_ERROR;
				GCC_WARN_UNDECLARED_SELECTOR = YES;
				GCC_WARN_UNINITIALIZED_AUTOS = YES_AGGRESSIVE;
				GCC_WARN_UNUSED_FUNCTION = YES;
				GCC_WARN_UNUSED_VARIABLE = YES;
				INFOPLIST_FILE = RoadSenseNS/Resources/Info.plist;
				IPHONEOS_DEPLOYMENT_TARGET = 17.0;
				MARKETING_VERSION = 0.1.0;
				MTL_ENABLE_DEBUG_INFO = INCLUDE_SOURCE;
				MTL_FAST_MATH = YES;
				ONLY_ACTIVE_ARCH = YES;
				PRODUCT_BUNDLE_IDENTIFIER = ca.roadsense.ios;
				PRODUCT_NAME = "RoadSense NS";
				SDKROOT = iphoneos;
				SWIFT_ACTIVE_COMPILATION_CONDITIONS = DEBUG;
				SWIFT_OPTIMIZATION_LEVEL = "-Onone";
				SWIFT_VERSION = 5.9;
			};
			name = "Local Debug";
		};
		5984E61D6E6C0F59FE1CA14C /* Local Debug */ = {
			isa = XCBuildConfiguration;
			buildSettings = {
				ASSETCATALOG_COMPILER_APPICON_NAME = AppIcon;
				CODE_SIGN_IDENTITY = "iPhone Developer";
				INFOPLIST_FILE = RoadSenseNS/Resources/Info.plist;
				INFOPLIST_KEY_BGTaskSchedulerPermittedIdentifiers = (
					ca.roadsense.ios.cleanup,
				);
				INFOPLIST_KEY_NSLocationAlwaysAndWhenInUseUsageDescription = "RoadSense NS uses background location to keep collecting road quality readings during a drive.";
				INFOPLIST_KEY_NSLocationWhenInUseUsageDescription = "RoadSense NS uses your location to measure road quality while you drive.";
				INFOPLIST_KEY_NSMotionUsageDescription = "RoadSense NS uses motion data to score road roughness and detect potholes.";
				INFOPLIST_KEY_UIBackgroundModes = (
					location,
					processing,
					fetch,
				);
				INFOPLIST_KEY_UILaunchScreen_Generation = YES;
				LD_RUNPATH_SEARCH_PATHS = (
					"$(inherited)",
					"@executable_path/Frameworks",
				);
				PRODUCT_BUNDLE_IDENTIFIER = ca.roadsense.ios;
				SDKROOT = iphoneos;
				SUPPORTED_PLATFORMS = "iphoneos iphonesimulator";
				SWIFT_ACTIVE_COMPILATION_CONDITIONS = "$(inherited)";
				TARGETED_DEVICE_FAMILY = 1;
			};
			name = "Local Debug";
		};
		6E473532FF4C2BA327C82D03 /* Local Debug */ = {
			isa = XCBuildConfiguration;
			buildSettings = {
				BUNDLE_LOADER = "$(TEST_HOST)";
				LD_RUNPATH_SEARCH_PATHS = (
					"$(inherited)",
					"@executable_path/Frameworks",
					"@loader_path/Frameworks",
				);
				PRODUCT_BUNDLE_IDENTIFIER = ca.roadsense.ios.tests;
				SDKROOT = iphoneos;
				TARGETED_DEVICE_FAMILY = "1,2";
				TEST_HOST = "$(BUILT_PRODUCTS_DIR)/RoadSenseNS.app/RoadSenseNS";
			};
			name = "Local Debug";
		};
		74F70D4700118E945EEB0686 /* Production Release */ = {
			isa = XCBuildConfiguration;
			baseConfigurationReference = 48A050A1F2F270139D92540F /* RoadSenseNS.Production.xcconfig */;
			buildSettings = {
				ALWAYS_SEARCH_USER_PATHS = NO;
				ASSETCATALOG_COMPILER_APPICON_NAME = AppIcon;
				CLANG_ANALYZER_NONNULL = YES;
				CLANG_ANALYZER_NUMBER_OBJECT_CONVERSION = YES_AGGRESSIVE;
				CLANG_CXX_LANGUAGE_STANDARD = "gnu++14";
				CLANG_CXX_LIBRARY = "libc++";
				CLANG_ENABLE_MODULES = YES;
				CLANG_ENABLE_OBJC_ARC = YES;
				CLANG_ENABLE_OBJC_WEAK = YES;
				CLANG_WARN_BLOCK_CAPTURE_AUTORELEASING = YES;
				CLANG_WARN_BOOL_CONVERSION = YES;
				CLANG_WARN_COMMA = YES;
				CLANG_WARN_CONSTANT_CONVERSION = YES;
				CLANG_WARN_DEPRECATED_OBJC_IMPLEMENTATIONS = YES;
				CLANG_WARN_DIRECT_OBJC_ISA_USAGE = YES_ERROR;
				CLANG_WARN_DOCUMENTATION_COMMENTS = YES;
				CLANG_WARN_EMPTY_BODY = YES;
				CLANG_WARN_ENUM_CONVERSION = YES;
				CLANG_WARN_INFINITE_RECURSION = YES;
				CLANG_WARN_INT_CONVERSION = YES;
				CLANG_WARN_NON_LITERAL_NULL_CONVERSION = YES;
				CLANG_WARN_OBJC_IMPLICIT_RETAIN_SELF = YES;
				CLANG_WARN_OBJC_LITERAL_CONVERSION = YES;
				CLANG_WARN_OBJC_ROOT_CLASS = YES_ERROR;
				CLANG_WARN_QUOTED_INCLUDE_IN_FRAMEWORK_HEADER = YES;
				CLANG_WARN_RANGE_LOOP_ANALYSIS = YES;
				CLANG_WARN_STRICT_PROTOTYPES = YES;
				CLANG_WARN_SUSPICIOUS_MOVE = YES;
				CLANG_WARN_UNGUARDED_AVAILABILITY = YES_AGGRESSIVE;
				CLANG_WARN_UNREACHABLE_CODE = YES;
				CLANG_WARN__DUPLICATE_METHOD_MATCH = YES;
				CODE_SIGN_STYLE = Automatic;
				COPY_PHASE_STRIP = NO;
				CURRENT_PROJECT_VERSION = 1;
				DEBUG_INFORMATION_FORMAT = "dwarf-with-dsym";
				DEVELOPMENT_TEAM = "";
				ENABLE_NS_ASSERTIONS = NO;
				ENABLE_PREVIEWS = YES;
				ENABLE_STRICT_OBJC_MSGSEND = YES;
				GCC_C_LANGUAGE_STANDARD = gnu11;
				GCC_NO_COMMON_BLOCKS = YES;
				GCC_WARN_64_TO_32_BIT_CONVERSION = YES;
				GCC_WARN_ABOUT_RETURN_TYPE = YES_ERROR;
				GCC_WARN_UNDECLARED_SELECTOR = YES;
				GCC_WARN_UNINITIALIZED_AUTOS = YES_AGGRESSIVE;
				GCC_WARN_UNUSED_FUNCTION = YES;
				GCC_WARN_UNUSED_VARIABLE = YES;
				INFOPLIST_FILE = RoadSenseNS/Resources/Info.plist;
				IPHONEOS_DEPLOYMENT_TARGET = 17.0;
				MARKETING_VERSION = 0.1.0;
				MTL_ENABLE_DEBUG_INFO = NO;
				MTL_FAST_MATH = YES;
				PRODUCT_BUNDLE_IDENTIFIER = ca.roadsense.ios;
				PRODUCT_NAME = "RoadSense NS";
				SDKROOT = iphoneos;
				SWIFT_COMPILATION_MODE = wholemodule;
				SWIFT_OPTIMIZATION_LEVEL = "-O";
				SWIFT_VERSION = 5.9;
			};
			name = "Production Release";
		};
		8104D49F7FE4AB95C68455B0 /* Staging Debug */ = {
			isa = XCBuildConfiguration;
			baseConfigurationReference = A68D28C0E187AB48C62D0AC3 /* RoadSenseNS.Staging.xcconfig */;
			buildSettings = {
				ALWAYS_SEARCH_USER_PATHS = NO;
				ASSETCATALOG_COMPILER_APPICON_NAME = AppIcon;
				CLANG_ANALYZER_NONNULL = YES;
				CLANG_ANALYZER_NUMBER_OBJECT_CONVERSION = YES_AGGRESSIVE;
				CLANG_CXX_LANGUAGE_STANDARD = "gnu++14";
				CLANG_CXX_LIBRARY = "libc++";
				CLANG_ENABLE_MODULES = YES;
				CLANG_ENABLE_OBJC_ARC = YES;
				CLANG_ENABLE_OBJC_WEAK = YES;
				CLANG_WARN_BLOCK_CAPTURE_AUTORELEASING = YES;
				CLANG_WARN_BOOL_CONVERSION = YES;
				CLANG_WARN_COMMA = YES;
				CLANG_WARN_CONSTANT_CONVERSION = YES;
				CLANG_WARN_DEPRECATED_OBJC_IMPLEMENTATIONS = YES;
				CLANG_WARN_DIRECT_OBJC_ISA_USAGE = YES_ERROR;
				CLANG_WARN_DOCUMENTATION_COMMENTS = YES;
				CLANG_WARN_EMPTY_BODY = YES;
				CLANG_WARN_ENUM_CONVERSION = YES;
				CLANG_WARN_INFINITE_RECURSION = YES;
				CLANG_WARN_INT_CONVERSION = YES;
				CLANG_WARN_NON_LITERAL_NULL_CONVERSION = YES;
				CLANG_WARN_OBJC_IMPLICIT_RETAIN_SELF = YES;
				CLANG_WARN_OBJC_LITERAL_CONVERSION = YES;
				CLANG_WARN_OBJC_ROOT_CLASS = YES_ERROR;
				CLANG_WARN_QUOTED_INCLUDE_IN_FRAMEWORK_HEADER = YES;
				CLANG_WARN_RANGE_LOOP_ANALYSIS = YES;
				CLANG_WARN_STRICT_PROTOTYPES = YES;
				CLANG_WARN_SUSPICIOUS_MOVE = YES;
				CLANG_WARN_UNGUARDED_AVAILABILITY = YES_AGGRESSIVE;
				CLANG_WARN_UNREACHABLE_CODE = YES;
				CLANG_WARN__DUPLICATE_METHOD_MATCH = YES;
				CODE_SIGN_STYLE = Automatic;
				COPY_PHASE_STRIP = NO;
				CURRENT_PROJECT_VERSION = 1;
				DEBUG_INFORMATION_FORMAT = dwarf;
				DEVELOPMENT_TEAM = "";
				ENABLE_PREVIEWS = YES;
				ENABLE_STRICT_OBJC_MSGSEND = YES;
				ENABLE_TESTABILITY = YES;
				GCC_C_LANGUAGE_STANDARD = gnu11;
				GCC_DYNAMIC_NO_PIC = NO;
				GCC_NO_COMMON_BLOCKS = YES;
				GCC_OPTIMIZATION_LEVEL = 0;
				GCC_PREPROCESSOR_DEFINITIONS = (
					"$(inherited)",
					"DEBUG=1",
				);
				GCC_WARN_64_TO_32_BIT_CONVERSION = YES;
				GCC_WARN_ABOUT_RETURN_TYPE = YES_ERROR;
				GCC_WARN_UNDECLARED_SELECTOR = YES;
				GCC_WARN_UNINITIALIZED_AUTOS = YES_AGGRESSIVE;
				GCC_WARN_UNUSED_FUNCTION = YES;
				GCC_WARN_UNUSED_VARIABLE = YES;
				INFOPLIST_FILE = RoadSenseNS/Resources/Info.plist;
				IPHONEOS_DEPLOYMENT_TARGET = 17.0;
				MARKETING_VERSION = 0.1.0;
				MTL_ENABLE_DEBUG_INFO = INCLUDE_SOURCE;
				MTL_FAST_MATH = YES;
				ONLY_ACTIVE_ARCH = YES;
				PRODUCT_BUNDLE_IDENTIFIER = ca.roadsense.ios;
				PRODUCT_NAME = "RoadSense NS";
				SDKROOT = iphoneos;
				SWIFT_ACTIVE_COMPILATION_CONDITIONS = DEBUG;
				SWIFT_OPTIMIZATION_LEVEL = "-Onone";
				SWIFT_VERSION = 5.9;
			};
			name = "Staging Debug";
		};
		97DB7C7ED8F3142DEA36849B /* Production Release */ = {
			isa = XCBuildConfiguration;
			buildSettings = {
				ASSETCATALOG_COMPILER_APPICON_NAME = AppIcon;
				CODE_SIGN_IDENTITY = "iPhone Developer";
				INFOPLIST_FILE = RoadSenseNS/Resources/Info.plist;
				INFOPLIST_KEY_BGTaskSchedulerPermittedIdentifiers = (
					ca.roadsense.ios.cleanup,
				);
				INFOPLIST_KEY_NSLocationAlwaysAndWhenInUseUsageDescription = "RoadSense NS uses background location to keep collecting road quality readings during a drive.";
				INFOPLIST_KEY_NSLocationWhenInUseUsageDescription = "RoadSense NS uses your location to measure road quality while you drive.";
				INFOPLIST_KEY_NSMotionUsageDescription = "RoadSense NS uses motion data to score road roughness and detect potholes.";
				INFOPLIST_KEY_UIBackgroundModes = (
					location,
					processing,
					fetch,
				);
				INFOPLIST_KEY_UILaunchScreen_Generation = YES;
				LD_RUNPATH_SEARCH_PATHS = (
					"$(inherited)",
					"@executable_path/Frameworks",
				);
				PRODUCT_BUNDLE_IDENTIFIER = ca.roadsense.ios;
				SDKROOT = iphoneos;
				SUPPORTED_PLATFORMS = "iphoneos iphonesimulator";
				SWIFT_ACTIVE_COMPILATION_CONDITIONS = "$(inherited)";
				TARGETED_DEVICE_FAMILY = 1;
			};
			name = "Production Release";
		};
		A9F05147FFE0C541CF64E533 /* Staging Debug */ = {
			isa = XCBuildConfiguration;
			buildSettings = {
				ASSETCATALOG_COMPILER_APPICON_NAME = AppIcon;
				CODE_SIGN_IDENTITY = "iPhone Developer";
				LD_RUNPATH_SEARCH_PATHS = (
					"$(inherited)",
					"@executable_path/Frameworks",
				);
				PRODUCT_BUNDLE_IDENTIFIER = ca.roadsense.ios.simharness;
				SDKROOT = iphoneos;
				TARGETED_DEVICE_FAMILY = "1,2";
			};
			name = "Staging Debug";
		};
		B64C2B4DC55673B28B46FF0A /* Local Debug */ = {
			isa = XCBuildConfiguration;
			buildSettings = {
				ASSETCATALOG_COMPILER_APPICON_NAME = AppIcon;
				CODE_SIGN_IDENTITY = "iPhone Developer";
				LD_RUNPATH_SEARCH_PATHS = (
					"$(inherited)",
					"@executable_path/Frameworks",
				);
				PRODUCT_BUNDLE_IDENTIFIER = ca.roadsense.ios.simharness;
				SDKROOT = iphoneos;
				TARGETED_DEVICE_FAMILY = "1,2";
			};
			name = "Local Debug";
		};
		CEA14434ACADD8CF3CA33871 /* Local Debug */ = {
			isa = XCBuildConfiguration;
			buildSettings = {
				BUNDLE_LOADER = "$(TEST_HOST)";
				LD_RUNPATH_SEARCH_PATHS = (
					"$(inherited)",
					"@executable_path/Frameworks",
					"@loader_path/Frameworks",
				);
				PRODUCT_BUNDLE_IDENTIFIER = ca.roadsense.ios.uitests;
				SDKROOT = iphoneos;
				TARGETED_DEVICE_FAMILY = "1,2";
				TEST_TARGET_NAME = RoadSenseNS;
			};
			name = "Local Debug";
		};
		DCAF18847FAADD08882BE6C6 /* Production Release */ = {
			isa = XCBuildConfiguration;
			buildSettings = {
				ASSETCATALOG_COMPILER_APPICON_NAME = AppIcon;
				CODE_SIGN_IDENTITY = "iPhone Developer";
				LD_RUNPATH_SEARCH_PATHS = (
					"$(inherited)",
					"@executable_path/Frameworks",
				);
				PRODUCT_BUNDLE_IDENTIFIER = ca.roadsense.ios.simharness;
				SDKROOT = iphoneos;
				TARGETED_DEVICE_FAMILY = "1,2";
			};
			name = "Production Release";
		};
		E61C645AC88A3EA6A5603F48 /* Staging Debug */ = {
			isa = XCBuildConfiguration;
			buildSettings = {
				BUNDLE_LOADER = "$(TEST_HOST)";
				LD_RUNPATH_SEARCH_PATHS = (
					"$(inherited)",
					"@executable_path/Frameworks",
					"@loader_path/Frameworks",
				);
				PRODUCT_BUNDLE_IDENTIFIER = ca.roadsense.ios.tests;
				SDKROOT = iphoneos;
				TARGETED_DEVICE_FAMILY = "1,2";
				TEST_HOST = "$(BUILT_PRODUCTS_DIR)/RoadSenseNS.app/RoadSenseNS";
			};
			name = "Staging Debug";
		};
/* End XCBuildConfiguration section */

/* Begin XCConfigurationList section */
		41052F1EC4E64E476887B0AD /* Build configuration list for PBXNativeTarget "RoadSenseNSTests" */ = {
			isa = XCConfigurationList;
			buildConfigurations = (
				6E473532FF4C2BA327C82D03 /* Local Debug */,
				1517D63E0092D982294F961A /* Production Release */,
				E61C645AC88A3EA6A5603F48 /* Staging Debug */,
			);
			defaultConfigurationIsVisible = 0;
			defaultConfigurationName = "Local Debug";
		};
		7E94AABD1240B7DBE9A21530 /* Build configuration list for PBXNativeTarget "RoadSenseNSUITests" */ = {
			isa = XCConfigurationList;
			buildConfigurations = (
				CEA14434ACADD8CF3CA33871 /* Local Debug */,
				250BE1B3E9F55AB7AF02F1BC /* Production Release */,
				21F4AD00EFC0C23EAC0D76BE /* Staging Debug */,
			);
			defaultConfigurationIsVisible = 0;
			defaultConfigurationName = "Local Debug";
		};
		A8D996C6FFA47E92698C4A1A /* Build configuration list for PBXNativeTarget "RoadSenseNS" */ = {
			isa = XCConfigurationList;
			buildConfigurations = (
				5984E61D6E6C0F59FE1CA14C /* Local Debug */,
				97DB7C7ED8F3142DEA36849B /* Production Release */,
				09CB84F4191E1BC488D4DF9B /* Staging Debug */,
			);
			defaultConfigurationIsVisible = 0;
			defaultConfigurationName = "Local Debug";
		};
		F56151FB1DFD849014A320DB /* Build configuration list for PBXNativeTarget "RoadSenseNSSimHarness" */ = {
			isa = XCConfigurationList;
			buildConfigurations = (
				B64C2B4DC55673B28B46FF0A /* Local Debug */,
				DCAF18847FAADD08882BE6C6 /* Production Release */,
				A9F05147FFE0C541CF64E533 /* Staging Debug */,
			);
			defaultConfigurationIsVisible = 0;
			defaultConfigurationName = "Local Debug";
		};
		FD88E246D260D44D56D109A8 /* Build configuration list for PBXProject "RoadSenseNS" */ = {
			isa = XCConfigurationList;
			buildConfigurations = (
				32ABCD53060DF6D0A2A71C85 /* Local Debug */,
				74F70D4700118E945EEB0686 /* Production Release */,
				8104D49F7FE4AB95C68455B0 /* Staging Debug */,
			);
			defaultConfigurationIsVisible = 0;
			defaultConfigurationName = "Local Debug";
		};
/* End XCConfigurationList section */

/* Begin XCRemoteSwiftPackageReference section */
		6426CEC5A945D2E6A4F75BDE /* XCRemoteSwiftPackageReference "supabase-swift" */ = {
			isa = XCRemoteSwiftPackageReference;
			repositoryURL = "https://github.com/supabase/supabase-swift.git";
			requirement = {
				kind = upToNextMajorVersion;
				minimumVersion = 2.20.0;
			};
		};
		96F64FC677BF723845031B5B /* XCRemoteSwiftPackageReference "mapbox-maps-ios" */ = {
			isa = XCRemoteSwiftPackageReference;
			repositoryURL = "https://github.com/mapbox/mapbox-maps-ios.git";
			requirement = {
				kind = upToNextMajorVersion;
				minimumVersion = 11.0.0;
			};
		};
		FC0B82BB3BA9464D0CAD100E /* XCRemoteSwiftPackageReference "sentry-cocoa" */ = {
			isa = XCRemoteSwiftPackageReference;
			repositoryURL = "https://github.com/getsentry/sentry-cocoa.git";
			requirement = {
				kind = upToNextMajorVersion;
				minimumVersion = 8.21.0;
			};
		};
/* End XCRemoteSwiftPackageReference section */

/* Begin XCSwiftPackageProductDependency section */
		911FE323EAA29C4D280E37AB /* Supabase */ = {
			isa = XCSwiftPackageProductDependency;
			package = 6426CEC5A945D2E6A4F75BDE /* XCRemoteSwiftPackageReference "supabase-swift" */;
			productName = Supabase;
		};
		94AD22E714178BC9763D1344 /* Sentry */ = {
			isa = XCSwiftPackageProductDependency;
			package = FC0B82BB3BA9464D0CAD100E /* XCRemoteSwiftPackageReference "sentry-cocoa" */;
			productName = Sentry;
		};
		DFBDE19C2B3A05C0840949A5 /* MapboxMaps */ = {
			isa = XCSwiftPackageProductDependency;
			package = 96F64FC677BF723845031B5B /* XCRemoteSwiftPackageReference "mapbox-maps-ios" */;
			productName = MapboxMaps;
		};
/* End XCSwiftPackageProductDependency section */
	};
	rootObject = 14C4F60F827FD5338ADA3D34 /* Project object */;
}
